# This file is @generated by PDM.
# It is not intended for manual editing.

[metadata]
groups = ["default"]
strategy = ["inherit_metadata"]
lock_version = "4.5.0"
content_hash = "sha256:f6c1faf9e0de027afc763d14e3723a88b9e39cd919321ad4a34ee4fae4e3ff74"

[[metadata.targets]]
requires_python = "==3.13.*"

[[package]]
name = "aiodns"
version = "3.5.0"
requires_python = ">=3.9"
summary = "Simple DNS resolver for asyncio"
groups = ["default"]
dependencies = [
    "pycares>=4.9.0",
]
files = [
    {file = "aiodns-3.5.0-py3-none-any.whl", hash = "sha256:6d0404f7d5215849233f6ee44854f2bb2481adf71b336b2279016ea5990ca5c5"},
    {file = "aiodns-3.5.0.tar.gz", hash = "sha256:11264edbab51896ecf546c18eb0dd56dff0428c6aa6d2cd87e643e07300eb310"},
]

[[package]]
name = "aioping"
version = "0.4.0"
summary = "Asyncio ping implementation"
groups = ["default"]
dependencies = [
    "aiodns",
    "async-timeout",
]
files = [
    {file = "aioping-0.4.0-py3-none-any.whl", hash = "sha256:7d577df103edf6110d007a6c69100fcbdd4e31b620fb4b1a69812e49506c71f2"},
    {file = "aioping-0.4.0.tar.gz", hash = "sha256:00257705b64811334b65c7346fa8cdb7156d4ba6af712c13c02c4f74418d5050"},
]

[[package]]
name = "async-timeout"
version = "5.0.1"
requires_python = ">=3.8"
summary = "Timeout context manager for asyncio programs"
groups = ["default"]
files = [
    {file = "async_timeout-5.0.1-py3-none-any.whl", hash = "sha256:39e3809566ff85354557ec2398b55e096c8364bacac9405a7a1fa429e77fe76c"},
    {file = "async_timeout-5.0.1.tar.gz", hash = "sha256:d9321a7a3d5a6a5e187e824d2fa0793ce379a202935782d555d6e9d2735677d3"},
]

[[package]]
name = "cffi"
version = "2.0.0"
requires_python = ">=3.9"
summary = "Foreign Function Interface for Python calling C code."
groups = ["default"]
marker = "python_version < \"3.14\""
dependencies = [
    "pycparser; implementation_name != \"PyPy\"",
]
files = [
    {file = "cffi-2.0.0-cp313-cp313-macosx_10_13_x86_64.whl", hash = "sha256:00bdf7acc5f795150faa6957054fbbca2439db2f775ce831222b66f192f03beb"},
    {file = "cffi-2.0.0-cp313-cp313-macosx_11_0_arm64.whl", hash = "sha256:45d5e886156860dc35862657e1494b9bae8dfa63bf56796f2fb56e1679fc0bca"},
    {file = "cffi-2.0.0-cp313-cp313-manylinux1_i686.manylinux2014_i686.manylinux_2_17_i686.manylinux_2_5_i686.whl", hash = "sha256:07b271772c100085dd28b74fa0cd81c8fb1a3ba18b21e03d7c27f3436a10606b"},
    {file = "cffi-2.0.0-cp313-cp313-manylinux2014_aarch64.manylinux_2_17_aarch64.whl", hash = "sha256:d48a880098c96020b02d5a1f7d9251308510ce8858940e6fa99ece33f610838b"},
    {file = "cffi-2.0.0-cp313-cp313-manylinux2014_ppc64le.manylinux_2_17_ppc64le.whl", hash = "sha256:f93fd8e5c8c0a4aa1f424d6173f14a892044054871c771f8566e4008eaa359d2"},
    {file = "cffi-2.0.0-cp313-cp313-manylinux2014_s390x.manylinux_2_17_s390x.whl", hash = "sha256:dd4f05f54a52fb558f1ba9f528228066954fee3ebe629fc1660d874d040ae5a3"},
    {file = "cffi-2.0.0-cp313-cp313-manylinux2014_x86_64.manylinux_2_17_x86_64.whl", hash = "sha256:c8d3b5532fc71b7a77c09192b4a5a200ea992702734a2e9279a37f2478236f26"},
    {file = "cffi-2.0.0-cp313-cp313-musllinux_1_2_aarch64.whl", hash = "sha256:d9b29c1f0ae438d5ee9acb31cadee00a58c46cc9c0b2f9038c6b0b3470877a8c"},
    {file = "cffi-2.0.0-cp313-cp313-musllinux_1_2_x86_64.whl", hash = "sha256:6d50360be4546678fc1b79ffe7a66265e28667840010348dd69a314145807a1b"},
    {file = "cffi-2.0.0-cp313-cp313-win32.whl", hash = "sha256:74a03b9698e198d47562765773b4a8309919089150a0bb17d829ad7b44b60d27"},
    {file = "cffi-2.0.0-cp313-cp313-win_amd64.whl", hash = "sha256:19f705ada2530c1167abacb171925dd886168931e0a7b78f5bffcae5c6b5be75"},
    {file = "cffi-2.0.0-cp313-cp313-win_arm64.whl", hash = "sha256:256f80b80ca3853f90c21b23ee78cd008713787b1b1e93eae9f3d6a7134abd91"},
    {file = "cffi-2.0.0.tar.gz", hash = "sha256:44d1b5909021139fe36001ae048dbdde8214afa20200eda0f64c068cac5d5529"},
]

[[package]]
name = "pycares"
version = "4.11.0"
requires_python = ">=3.9"
summary = "Python interface for c-ares"
groups = ["default"]
dependencies = [
    "cffi>=1.5.0; python_version < \"3.14\"",
    "cffi>=2.0.0b1; python_version >= \"3.14\"",
]
files = [
    {file = "pycares-4.11.0-cp313-cp313-macosx_10_13_x86_64.whl", hash = "sha256:2c296ab94d1974f8d2f76c499755a9ce31ffd4986e8898ef19b90e32525f7d84"},
    {file = "pycares-4.11.0-cp313-cp313-macosx_11_0_arm64.whl", hash = "sha256:e0fcd3a8bac57a0987d9b09953ba0f8703eb9dca7c77f7051d8c2ed001185be8"},
    {file = "pycares-4.11.0-cp313-cp313-manylinux_2_28_aarch64.whl", hash = "sha256:bac55842047567ddae177fb8189b89a60633ac956d5d37260f7f71b517fd8b87"},
    {file = "pycares-4.11.0-cp313-cp313-manylinux_2_28_ppc64le.whl", hash = "sha256:4da2e805ed8c789b9444ef4053f6ef8040cd13b0c1ca6d3c4fe6f9369c458cb4"},
    {file = "pycares-4.11.0-cp313-cp313-manylinux_2_28_s390x.whl", hash = "sha256:ea785d1f232b42b325578f0c8a2fa348192e182cc84a1e862896076a4a2ba2a7"},
    {file = "pycares-4.11.0-cp313-cp313-manylinux_2_28_x86_64.whl", hash = "sha256:aa160dc9e785212c49c12bb891e242c949758b99542946cc8e2098ef391f93b0"},
    {file = "pycares-4.11.0-cp313-cp313-musllinux_1_2_aarch64.whl", hash = "sha256:7830709c23bbc43fbaefbb3dde57bdd295dc86732504b9d2e65044df8fd5e9fb"},
    {file = "pycares-4.11.0-cp313-cp313-musllinux_1_2_ppc64le.whl", hash = "sha256:3ef1ab7abbd238bb2dbbe871c3ea39f5a7fc63547c015820c1e24d0d494a1689"},
    {file = "pycares-4.11.0-cp313-cp313-musllinux_1_2_s390x.whl", hash = "sha256:a4060d8556c908660512d42df1f4a874e4e91b81f79e3a9090afedc7690ea5ba"},
    {file = "pycares-4.11.0-cp313-cp313-musllinux_1_2_x86_64.whl", hash = "sha256:a98fac4a3d4f780817016b6f00a8a2c2f41df5d25dfa8e5b1aa0d783645a6566"},
    {file = "pycares-4.11.0-cp313-cp313-win32.whl", hash = "sha256:faa8321bc2a366189dcf87b3823e030edf5ac97a6b9a7fc99f1926c4bf8ef28e"},
    {file = "pycares-4.11.0-cp313-cp313-win_amd64.whl", hash = "sha256:6f74b1d944a50fa12c5006fd10b45e1a45da0c5d15570919ce48be88e428264c"},
    {file = "pycares-4.11.0-cp313-cp313-win_arm64.whl", hash = "sha256:4b6f7581793d8bb3014028b8397f6f80b99db8842da58f4409839c29b16397ad"},
    {file = "pycares-4.11.0.tar.gz", hash = "sha256:c863d9003ca0ce7df26429007859afd2a621d3276ed9fef154a9123db9252557"},
]

[[package]]
name = "pycparser"
version = "2.23"
requires_python = ">=3.8"
summary = "C parser in Python"
groups = ["default"]
marker = "implementation_name != \"PyPy\" and python_version < \"3.14\""
files = [
    {file = "pycparser-2.23-py3-none-any.whl", hash = "sha256:e5c6e8d3fbad53479cab09ac03729e0a9faf2bee3db8208a550daf5af81a5934"},
    {file = "pycparser-2.23.tar.gz", hash = "sha256:78816d4f24add8f10a06d6f05b4d424ad9e96cfebf68a4ddc99c65c0720d00c2"},
]
